
Microsoft Visual Studio Solution File, Format Version 12.00
# Visual Studio 15
VisualStudioVersion = 15.0.28307.1209
MinimumVisualStudioVersion = 10.0.40219.1
Project("{FAE04EC0-301F-11D3-BF4B-00C04F79EFBC}") = "Helper", "Helper\Helper.csproj", "{938D69BA-80FA-48B6-9FC7-1959197BC75A}"
EndProject
Global
	GlobalSection(SolutionConfigurationPlatforms) = preSolution
		Debug|Any CPU = Debug|Any CPU
		Release|Any CPU = Release|Any CPU
	EndGlobalSection
	GlobalSection(ProjectConfigurationPlatforms) = postSolution
		{938D69BA-80FA-48B6-9FC7-1959197BC75A}.Debug|Any CPU.ActiveCfg = Debug|Any CPU
		{938D69BA-80FA-48B6-9FC7-1959197BC75A}.Debug|Any CPU.Build.0 = Debug|Any CPU
		{938D69BA-80FA-48B6-9FC7-1959197BC75A}.Release|Any CPU.ActiveCfg = Release|Any CPU
		{938D69BA-80FA-48B6-9FC7-1959197BC75A}.Release|Any CPU.Build.0 = Release|Any CPU
	EndGlobalSection
	GlobalSection(SolutionProperties) = preSolution
		HideSolutionNode = FALSE
	EndGlobalSection
	GlobalSection(ExtensibilityGlobals) = postSolution
		SolutionGuid = {FF896F30-7571-4F96-9321-1CF089AE0B84}
	EndGlobalSection
EndGlobal
