
Microsoft Visual Studio Solution File, Format Version 12.00
# Visual Studio 15
VisualStudioVersion = 15.0.28307.902
MinimumVisualStudioVersion = 10.0.40219.1
Project("{FAE04EC0-301F-11D3-BF4B-00C04F79EFBC}") = "CsConsole", "CsConsole.csproj", "{DBB40CA3-AEC2-4520-9831-494D6B925FD1}"
EndProject
Global
	GlobalSection(SolutionConfigurationPlatforms) = preSolution
		Debug|Any CPU = Debug|Any CPU
		Release|Any CPU = Release|Any CPU
	EndGlobalSection
	GlobalSection(ProjectConfigurationPlatforms) = postSolution
		{DBB40CA3-AEC2-4520-9831-494D6B925FD1}.Debug|Any CPU.ActiveCfg = Debug|Any CPU
		{DBB40CA3-AEC2-4520-9831-494D6B925FD1}.Debug|Any CPU.Build.0 = Debug|Any CPU
		{DBB40CA3-AEC2-4520-9831-494D6B925FD1}.Release|Any CPU.ActiveCfg = Release|Any CPU
		{DBB40CA3-AEC2-4520-9831-494D6B925FD1}.Release|Any CPU.Build.0 = Release|Any CPU
	EndGlobalSection
	GlobalSection(SolutionProperties) = preSolution
		HideSolutionNode = FALSE
	EndGlobalSection
	GlobalSection(ExtensibilityGlobals) = postSolution
		SolutionGuid = {627A6421-22B5-461D-9E31-70A52E17CEAF}
	EndGlobalSection
EndGlobal
