
Microsoft Visual Studio Solution File, Format Version 12.00
# Visual Studio 15
VisualStudioVersion = 15.0.28307.960
MinimumVisualStudioVersion = 10.0.40219.1
Project("{FAE04EC0-301F-11D3-BF4B-00C04F79EFBC}") = "HalCsWf", "HalCsWf\HalCsWf.csproj", "{A3904400-2A5E-4B6E-8590-B8C0747F6D21}"
EndProject
Project("{FAE04EC0-301F-11D3-BF4B-00C04F79EFBC}") = "HalCsWfDemo", "HalCsWfDemo\HalCsWfDemo.csproj", "{9FE242E9-E7EC-4888-941D-01535DC7522D}"
EndProject
Global
	GlobalSection(SolutionConfigurationPlatforms) = preSolution
		Debug|Any CPU = Debug|Any CPU
		Release|Any CPU = Release|Any CPU
	EndGlobalSection
	GlobalSection(ProjectConfigurationPlatforms) = postSolution
		{A3904400-2A5E-4B6E-8590-B8C0747F6D21}.Debug|Any CPU.ActiveCfg = Debug|Any CPU
		{A3904400-2A5E-4B6E-8590-B8C0747F6D21}.Debug|Any CPU.Build.0 = Debug|Any CPU
		{A3904400-2A5E-4B6E-8590-B8C0747F6D21}.Release|Any CPU.ActiveCfg = Release|Any CPU
		{A3904400-2A5E-4B6E-8590-B8C0747F6D21}.Release|Any CPU.Build.0 = Release|Any CPU
		{9FE242E9-E7EC-4888-941D-01535DC7522D}.Debug|Any CPU.ActiveCfg = Debug|Any CPU
		{9FE242E9-E7EC-4888-941D-01535DC7522D}.Debug|Any CPU.Build.0 = Debug|Any CPU
		{9FE242E9-E7EC-4888-941D-01535DC7522D}.Release|Any CPU.ActiveCfg = Release|Any CPU
		{9FE242E9-E7EC-4888-941D-01535DC7522D}.Release|Any CPU.Build.0 = Release|Any CPU
	EndGlobalSection
	GlobalSection(SolutionProperties) = preSolution
		HideSolutionNode = FALSE
	EndGlobalSection
	GlobalSection(ExtensibilityGlobals) = postSolution
		SolutionGuid = {F481949C-DD5D-437E-941C-314790609E03}
	EndGlobalSection
EndGlobal
