
Microsoft Visual Studio Solution File, Format Version 12.00
# Visual Studio 15
VisualStudioVersion = 15.0.28307.960
MinimumVisualStudioVersion = 10.0.40219.1
Project("{FAE04EC0-301F-11D3-BF4B-00C04F79EFBC}") = "CsWpfHal", "CsWpfHal\CsWpfHal.csproj", "{E3335D31-E510-4184-A243-15413C53A722}"
EndProject
Global
	GlobalSection(SolutionConfigurationPlatforms) = preSolution
		Debug|Any CPU = Debug|Any CPU
		Debug|x64 = Debug|x64
		Release|Any CPU = Release|Any CPU
		Release|x64 = Release|x64
	EndGlobalSection
	GlobalSection(ProjectConfigurationPlatforms) = postSolution
		{E3335D31-E510-4184-A243-15413C53A722}.Debug|Any CPU.ActiveCfg = Debug|Any CPU
		{E3335D31-E510-4184-A243-15413C53A722}.Debug|Any CPU.Build.0 = Debug|Any CPU
		{E3335D31-E510-4184-A243-15413C53A722}.Debug|x64.ActiveCfg = Debug|x64
		{E3335D31-E510-4184-A243-15413C53A722}.Debug|x64.Build.0 = Debug|x64
		{E3335D31-E510-4184-A243-15413C53A722}.Release|Any CPU.ActiveCfg = Release|Any CPU
		{E3335D31-E510-4184-A243-15413C53A722}.Release|Any CPU.Build.0 = Release|Any CPU
		{E3335D31-E510-4184-A243-15413C53A722}.Release|x64.ActiveCfg = Release|x64
		{E3335D31-E510-4184-A243-15413C53A722}.Release|x64.Build.0 = Release|x64
	EndGlobalSection
	GlobalSection(SolutionProperties) = preSolution
		HideSolutionNode = FALSE
	EndGlobalSection
	GlobalSection(ExtensibilityGlobals) = postSolution
		SolutionGuid = {7E774BCB-8495-473D-87E4-21A69C1B489F}
	EndGlobalSection
EndGlobal
