
Microsoft Visual Studio Solution File, Format Version 12.00
# Visual Studio 15
VisualStudioVersion = 15.0.28307.960
MinimumVisualStudioVersion = 10.0.40219.1
Project("{FAE04EC0-301F-11D3-BF4B-00C04F79EFBC}") = "CsWpfHal", "CsWpfHal\CsWpfHal.csproj", "{E3335D31-E510-4184-A243-15413C53A722}"
EndProject
Project("{FAE04EC0-301F-11D3-BF4B-00C04F79EFBC}") = "CsWpfCtrl", "CsWpfCtrl\CsWpfCtrl.csproj", "{081B1F52-08F9-4B0A-B8BC-5E426D783F70}"
EndProject
Project("{FAE04EC0-301F-11D3-BF4B-00C04F79EFBC}") = "CsWpfWcf", "CsWpfWcf\CsWpfWcf.csproj", "{D05E57DE-10AF-4547-A297-AFEB22295228}"
EndProject
Global
	GlobalSection(SolutionConfigurationPlatforms) = preSolution
		Debug|Any CPU = Debug|Any CPU
		Debug|x64 = Debug|x64
		Debug|x86 = Debug|x86
		Release|Any CPU = Release|Any CPU
		Release|x64 = Release|x64
		Release|x86 = Release|x86
	EndGlobalSection
	GlobalSection(ProjectConfigurationPlatforms) = postSolution
		{E3335D31-E510-4184-A243-15413C53A722}.Debug|Any CPU.ActiveCfg = Debug|Any CPU
		{E3335D31-E510-4184-A243-15413C53A722}.Debug|Any CPU.Build.0 = Debug|Any CPU
		{E3335D31-E510-4184-A243-15413C53A722}.Debug|x64.ActiveCfg = Debug|x64
		{E3335D31-E510-4184-A243-15413C53A722}.Debug|x64.Build.0 = Debug|x64
		{E3335D31-E510-4184-A243-15413C53A722}.Debug|x86.ActiveCfg = Debug|Any CPU
		{E3335D31-E510-4184-A243-15413C53A722}.Debug|x86.Build.0 = Debug|Any CPU
		{E3335D31-E510-4184-A243-15413C53A722}.Release|Any CPU.ActiveCfg = Release|Any CPU
		{E3335D31-E510-4184-A243-15413C53A722}.Release|Any CPU.Build.0 = Release|Any CPU
		{E3335D31-E510-4184-A243-15413C53A722}.Release|x64.ActiveCfg = Release|x64
		{E3335D31-E510-4184-A243-15413C53A722}.Release|x64.Build.0 = Release|x64
		{E3335D31-E510-4184-A243-15413C53A722}.Release|x86.ActiveCfg = Release|Any CPU
		{E3335D31-E510-4184-A243-15413C53A722}.Release|x86.Build.0 = Release|Any CPU
		{081B1F52-08F9-4B0A-B8BC-5E426D783F70}.Debug|Any CPU.ActiveCfg = Debug|Any CPU
		{081B1F52-08F9-4B0A-B8BC-5E426D783F70}.Debug|Any CPU.Build.0 = Debug|Any CPU
		{081B1F52-08F9-4B0A-B8BC-5E426D783F70}.Debug|x64.ActiveCfg = Debug|Any CPU
		{081B1F52-08F9-4B0A-B8BC-5E426D783F70}.Debug|x64.Build.0 = Debug|Any CPU
		{081B1F52-08F9-4B0A-B8BC-5E426D783F70}.Debug|x86.ActiveCfg = Debug|Any CPU
		{081B1F52-08F9-4B0A-B8BC-5E426D783F70}.Debug|x86.Build.0 = Debug|Any CPU
		{081B1F52-08F9-4B0A-B8BC-5E426D783F70}.Release|Any CPU.ActiveCfg = Release|Any CPU
		{081B1F52-08F9-4B0A-B8BC-5E426D783F70}.Release|Any CPU.Build.0 = Release|Any CPU
		{081B1F52-08F9-4B0A-B8BC-5E426D783F70}.Release|x64.ActiveCfg = Release|Any CPU
		{081B1F52-08F9-4B0A-B8BC-5E426D783F70}.Release|x64.Build.0 = Release|Any CPU
		{081B1F52-08F9-4B0A-B8BC-5E426D783F70}.Release|x86.ActiveCfg = Release|Any CPU
		{081B1F52-08F9-4B0A-B8BC-5E426D783F70}.Release|x86.Build.0 = Release|Any CPU
		{D05E57DE-10AF-4547-A297-AFEB22295228}.Debug|Any CPU.ActiveCfg = Debug|Any CPU
		{D05E57DE-10AF-4547-A297-AFEB22295228}.Debug|Any CPU.Build.0 = Debug|Any CPU
		{D05E57DE-10AF-4547-A297-AFEB22295228}.Debug|x64.ActiveCfg = Debug|Any CPU
		{D05E57DE-10AF-4547-A297-AFEB22295228}.Debug|x64.Build.0 = Debug|Any CPU
		{D05E57DE-10AF-4547-A297-AFEB22295228}.Debug|x86.ActiveCfg = Debug|Any CPU
		{D05E57DE-10AF-4547-A297-AFEB22295228}.Debug|x86.Build.0 = Debug|Any CPU
		{D05E57DE-10AF-4547-A297-AFEB22295228}.Release|Any CPU.ActiveCfg = Release|Any CPU
		{D05E57DE-10AF-4547-A297-AFEB22295228}.Release|Any CPU.Build.0 = Release|Any CPU
		{D05E57DE-10AF-4547-A297-AFEB22295228}.Release|x64.ActiveCfg = Release|Any CPU
		{D05E57DE-10AF-4547-A297-AFEB22295228}.Release|x64.Build.0 = Release|Any CPU
		{D05E57DE-10AF-4547-A297-AFEB22295228}.Release|x86.ActiveCfg = Release|Any CPU
		{D05E57DE-10AF-4547-A297-AFEB22295228}.Release|x86.Build.0 = Release|Any CPU
	EndGlobalSection
	GlobalSection(SolutionProperties) = preSolution
		HideSolutionNode = FALSE
	EndGlobalSection
	GlobalSection(ExtensibilityGlobals) = postSolution
		SolutionGuid = {7E774BCB-8495-473D-87E4-21A69C1B489F}
	EndGlobalSection
EndGlobal
