
Microsoft Visual Studio Solution File, Format Version 12.00
# Visual Studio Version 16
VisualStudioVersion = 16.0.29009.5
MinimumVisualStudioVersion = 10.0.40219.1
Project("{FAE04EC0-301F-11D3-BF4B-00C04F79EFBC}") = "DatabaseTest", "DatabaseTest\DatabaseTest.csproj", "{76B99159-7446-44E9-8AC2-552D5085C3FB}"
EndProject
Global
	GlobalSection(SolutionConfigurationPlatforms) = preSolution
		Debug|Any CPU = Debug|Any CPU
		Release|Any CPU = Release|Any CPU
	EndGlobalSection
	GlobalSection(ProjectConfigurationPlatforms) = postSolution
		{76B99159-7446-44E9-8AC2-552D5085C3FB}.Debug|Any CPU.ActiveCfg = Debug|Any CPU
		{76B99159-7446-44E9-8AC2-552D5085C3FB}.Debug|Any CPU.Build.0 = Debug|Any CPU
		{76B99159-7446-44E9-8AC2-552D5085C3FB}.Release|Any CPU.ActiveCfg = Release|Any CPU
		{76B99159-7446-44E9-8AC2-552D5085C3FB}.Release|Any CPU.Build.0 = Release|Any CPU
	EndGlobalSection
	GlobalSection(SolutionProperties) = preSolution
		HideSolutionNode = FALSE
	EndGlobalSection
	GlobalSection(ExtensibilityGlobals) = postSolution
		SolutionGuid = {885D5981-256B-4847-BF6F-3816B865B2BF}
	EndGlobalSection
EndGlobal
