
Microsoft Visual Studio Solution File, Format Version 12.00
# Visual Studio 15
VisualStudioVersion = 15.0.28307.1000
MinimumVisualStudioVersion = 10.0.40219.1
Project("{FAE04EC0-301F-11D3-BF4B-00C04F79EFBC}") = "WcfService1", "WcfService1\WcfService1.csproj", "{396DDEF5-4D69-43C0-83E3-2ECA192D20A7}"
EndProject
Project("{FAE04EC0-301F-11D3-BF4B-00C04F79EFBC}") = "WcfConsole", "WcfConsole\WcfConsole.csproj", "{26419C57-DDD6-46D4-A762-404AF9354F46}"
EndProject
Project("{FAE04EC0-301F-11D3-BF4B-00C04F79EFBC}") = "WcflessConsole", "WcflessConsole\WcflessConsole.csproj", "{3B92C3FD-490B-4A4A-A622-2206D0A8EAAC}"
EndProject
Project("{FAE04EC0-301F-11D3-BF4B-00C04F79EFBC}") = "WcfClass", "WcfClass\WcfClass.csproj", "{1D3FBAF3-D14B-4C23-B28B-E52550622E54}"
EndProject
Project("{FAE04EC0-301F-11D3-BF4B-00C04F79EFBC}") = "WcfServiceDb", "WcfServiceDb\WcfServiceDb.csproj", "{BBC1D7B3-8B08-4A96-8D35-068D7459661B}"
EndProject
Project("{FAE04EC0-301F-11D3-BF4B-00C04F79EFBC}") = "WcfServiceDb2", "WcfServiceDb2\WcfServiceDb2.csproj", "{A7AEE408-FC88-48DE-A5C8-0BE1F1483BC5}"
EndProject
Project("{FAE04EC0-301F-11D3-BF4B-00C04F79EFBC}") = "WebApp", "WebApp\WebApp.csproj", "{D4C3ACBA-0A80-493B-AE17-58AD28E16C1B}"
EndProject
Global
	GlobalSection(SolutionConfigurationPlatforms) = preSolution
		Debug|Any CPU = Debug|Any CPU
		Debug|x64 = Debug|x64
		Release|Any CPU = Release|Any CPU
		Release|x64 = Release|x64
	EndGlobalSection
	GlobalSection(ProjectConfigurationPlatforms) = postSolution
		{396DDEF5-4D69-43C0-83E3-2ECA192D20A7}.Debug|Any CPU.ActiveCfg = Debug|Any CPU
		{396DDEF5-4D69-43C0-83E3-2ECA192D20A7}.Debug|Any CPU.Build.0 = Debug|Any CPU
		{396DDEF5-4D69-43C0-83E3-2ECA192D20A7}.Debug|x64.ActiveCfg = Debug|Any CPU
		{396DDEF5-4D69-43C0-83E3-2ECA192D20A7}.Debug|x64.Build.0 = Debug|Any CPU
		{396DDEF5-4D69-43C0-83E3-2ECA192D20A7}.Release|Any CPU.ActiveCfg = Release|Any CPU
		{396DDEF5-4D69-43C0-83E3-2ECA192D20A7}.Release|Any CPU.Build.0 = Release|Any CPU
		{396DDEF5-4D69-43C0-83E3-2ECA192D20A7}.Release|x64.ActiveCfg = Release|Any CPU
		{396DDEF5-4D69-43C0-83E3-2ECA192D20A7}.Release|x64.Build.0 = Release|Any CPU
		{26419C57-DDD6-46D4-A762-404AF9354F46}.Debug|Any CPU.ActiveCfg = Debug|Any CPU
		{26419C57-DDD6-46D4-A762-404AF9354F46}.Debug|Any CPU.Build.0 = Debug|Any CPU
		{26419C57-DDD6-46D4-A762-404AF9354F46}.Debug|x64.ActiveCfg = Debug|Any CPU
		{26419C57-DDD6-46D4-A762-404AF9354F46}.Debug|x64.Build.0 = Debug|Any CPU
		{26419C57-DDD6-46D4-A762-404AF9354F46}.Release|Any CPU.ActiveCfg = Release|Any CPU
		{26419C57-DDD6-46D4-A762-404AF9354F46}.Release|Any CPU.Build.0 = Release|Any CPU
		{26419C57-DDD6-46D4-A762-404AF9354F46}.Release|x64.ActiveCfg = Release|Any CPU
		{26419C57-DDD6-46D4-A762-404AF9354F46}.Release|x64.Build.0 = Release|Any CPU
		{3B92C3FD-490B-4A4A-A622-2206D0A8EAAC}.Debug|Any CPU.ActiveCfg = Debug|Any CPU
		{3B92C3FD-490B-4A4A-A622-2206D0A8EAAC}.Debug|Any CPU.Build.0 = Debug|Any CPU
		{3B92C3FD-490B-4A4A-A622-2206D0A8EAAC}.Debug|x64.ActiveCfg = Debug|Any CPU
		{3B92C3FD-490B-4A4A-A622-2206D0A8EAAC}.Debug|x64.Build.0 = Debug|Any CPU
		{3B92C3FD-490B-4A4A-A622-2206D0A8EAAC}.Release|Any CPU.ActiveCfg = Release|Any CPU
		{3B92C3FD-490B-4A4A-A622-2206D0A8EAAC}.Release|Any CPU.Build.0 = Release|Any CPU
		{3B92C3FD-490B-4A4A-A622-2206D0A8EAAC}.Release|x64.ActiveCfg = Release|Any CPU
		{3B92C3FD-490B-4A4A-A622-2206D0A8EAAC}.Release|x64.Build.0 = Release|Any CPU
		{1D3FBAF3-D14B-4C23-B28B-E52550622E54}.Debug|Any CPU.ActiveCfg = Debug|Any CPU
		{1D3FBAF3-D14B-4C23-B28B-E52550622E54}.Debug|Any CPU.Build.0 = Debug|Any CPU
		{1D3FBAF3-D14B-4C23-B28B-E52550622E54}.Debug|x64.ActiveCfg = Debug|Any CPU
		{1D3FBAF3-D14B-4C23-B28B-E52550622E54}.Debug|x64.Build.0 = Debug|Any CPU
		{1D3FBAF3-D14B-4C23-B28B-E52550622E54}.Release|Any CPU.ActiveCfg = Release|Any CPU
		{1D3FBAF3-D14B-4C23-B28B-E52550622E54}.Release|Any CPU.Build.0 = Release|Any CPU
		{1D3FBAF3-D14B-4C23-B28B-E52550622E54}.Release|x64.ActiveCfg = Release|Any CPU
		{1D3FBAF3-D14B-4C23-B28B-E52550622E54}.Release|x64.Build.0 = Release|Any CPU
		{BBC1D7B3-8B08-4A96-8D35-068D7459661B}.Debug|Any CPU.ActiveCfg = Debug|Any CPU
		{BBC1D7B3-8B08-4A96-8D35-068D7459661B}.Debug|Any CPU.Build.0 = Debug|Any CPU
		{BBC1D7B3-8B08-4A96-8D35-068D7459661B}.Debug|x64.ActiveCfg = Debug|Any CPU
		{BBC1D7B3-8B08-4A96-8D35-068D7459661B}.Debug|x64.Build.0 = Debug|Any CPU
		{BBC1D7B3-8B08-4A96-8D35-068D7459661B}.Release|Any CPU.ActiveCfg = Release|Any CPU
		{BBC1D7B3-8B08-4A96-8D35-068D7459661B}.Release|Any CPU.Build.0 = Release|Any CPU
		{BBC1D7B3-8B08-4A96-8D35-068D7459661B}.Release|x64.ActiveCfg = Release|Any CPU
		{BBC1D7B3-8B08-4A96-8D35-068D7459661B}.Release|x64.Build.0 = Release|Any CPU
		{A7AEE408-FC88-48DE-A5C8-0BE1F1483BC5}.Debug|Any CPU.ActiveCfg = Debug|Any CPU
		{A7AEE408-FC88-48DE-A5C8-0BE1F1483BC5}.Debug|Any CPU.Build.0 = Debug|Any CPU
		{A7AEE408-FC88-48DE-A5C8-0BE1F1483BC5}.Debug|x64.ActiveCfg = Debug|Any CPU
		{A7AEE408-FC88-48DE-A5C8-0BE1F1483BC5}.Debug|x64.Build.0 = Debug|Any CPU
		{A7AEE408-FC88-48DE-A5C8-0BE1F1483BC5}.Release|Any CPU.ActiveCfg = Release|Any CPU
		{A7AEE408-FC88-48DE-A5C8-0BE1F1483BC5}.Release|Any CPU.Build.0 = Release|Any CPU
		{A7AEE408-FC88-48DE-A5C8-0BE1F1483BC5}.Release|x64.ActiveCfg = Release|Any CPU
		{A7AEE408-FC88-48DE-A5C8-0BE1F1483BC5}.Release|x64.Build.0 = Release|Any CPU
		{D4C3ACBA-0A80-493B-AE17-58AD28E16C1B}.Debug|Any CPU.ActiveCfg = Debug|Any CPU
		{D4C3ACBA-0A80-493B-AE17-58AD28E16C1B}.Debug|Any CPU.Build.0 = Debug|Any CPU
		{D4C3ACBA-0A80-493B-AE17-58AD28E16C1B}.Debug|x64.ActiveCfg = Debug|Any CPU
		{D4C3ACBA-0A80-493B-AE17-58AD28E16C1B}.Debug|x64.Build.0 = Debug|Any CPU
		{D4C3ACBA-0A80-493B-AE17-58AD28E16C1B}.Release|Any CPU.ActiveCfg = Release|Any CPU
		{D4C3ACBA-0A80-493B-AE17-58AD28E16C1B}.Release|Any CPU.Build.0 = Release|Any CPU
		{D4C3ACBA-0A80-493B-AE17-58AD28E16C1B}.Release|x64.ActiveCfg = Release|Any CPU
		{D4C3ACBA-0A80-493B-AE17-58AD28E16C1B}.Release|x64.Build.0 = Release|Any CPU
	EndGlobalSection
	GlobalSection(SolutionProperties) = preSolution
		HideSolutionNode = FALSE
	EndGlobalSection
	GlobalSection(ExtensibilityGlobals) = postSolution
		SolutionGuid = {EBD65DE4-E9B8-4580-AE9A-17C85376AF18}
	EndGlobalSection
EndGlobal
